
Microsoft Visual Studio Solution File, Format Version 12.00
# Visual Studio 15
VisualStudioVersion = 15.0.27428.2005
MinimumVisualStudioVersion = 10.0.40219.1
Project("{FAE04EC0-301F-11D3-BF4B-00C04F79EFBC}") = "XMLParser", "XMLParser\XMLParser.csproj", "{36DFF9CB-EECD-4874-B042-DA6B83165C0B}"
EndProject
Project("{FAE04EC0-301F-11D3-BF4B-00C04F79EFBC}") = "XMLParser_test", "XMLParser_test\XMLParser_test.csproj", "{DDA97BD3-72D5-454F-B220-F9B4AB4F7E6E}"
EndProject
Global
	GlobalSection(SolutionConfigurationPlatforms) = preSolution
		Debug|Any CPU = Debug|Any CPU
		Release|Any CPU = Release|Any CPU
	EndGlobalSection
	GlobalSection(ProjectConfigurationPlatforms) = postSolution
		{36DFF9CB-EECD-4874-B042-DA6B83165C0B}.Debug|Any CPU.ActiveCfg = Debug|Any CPU
		{36DFF9CB-EECD-4874-B042-DA6B83165C0B}.Debug|Any CPU.Build.0 = Debug|Any CPU
		{36DFF9CB-EECD-4874-B042-DA6B83165C0B}.Release|Any CPU.ActiveCfg = Release|Any CPU
		{36DFF9CB-EECD-4874-B042-DA6B83165C0B}.Release|Any CPU.Build.0 = Release|Any CPU
		{DDA97BD3-72D5-454F-B220-F9B4AB4F7E6E}.Debug|Any CPU.ActiveCfg = Debug|Any CPU
		{DDA97BD3-72D5-454F-B220-F9B4AB4F7E6E}.Debug|Any CPU.Build.0 = Debug|Any CPU
		{DDA97BD3-72D5-454F-B220-F9B4AB4F7E6E}.Release|Any CPU.ActiveCfg = Release|Any CPU
		{DDA97BD3-72D5-454F-B220-F9B4AB4F7E6E}.Release|Any CPU.Build.0 = Release|Any CPU
	EndGlobalSection
	GlobalSection(SolutionProperties) = preSolution
		HideSolutionNode = FALSE
	EndGlobalSection
	GlobalSection(ExtensibilityGlobals) = postSolution
		SolutionGuid = {FC2C42E8-C9EE-4769-873B-1CBEFEC65DC2}
	EndGlobalSection
EndGlobal
