
Microsoft Visual Studio Solution File, Format Version 12.00
# Visual Studio 15
VisualStudioVersion = 15.0.27428.2005
MinimumVisualStudioVersion = 10.0.40219.1
Project("{FAE04EC0-301F-11D3-BF4B-00C04F79EFBC}") = "GCDDelegate", "GCDDelegate\GCDDelegate.csproj", "{94F69946-2EF9-4389-9DEE-F36B563E789A}"
EndProject
Project("{FAE04EC0-301F-11D3-BF4B-00C04F79EFBC}") = "MatrixSorterDelegate", "MatrixSorterDelegate\MatrixSorterDelegate.csproj", "{DA165F74-C3DA-4807-811B-68CF5EEA30CF}"
EndProject
Project("{FAE04EC0-301F-11D3-BF4B-00C04F79EFBC}") = "CountDown", "CountDown\CountDown.csproj", "{8DE46738-5EF6-4536-94E5-2E61B989AE1C}"
EndProject
Project("{FAE04EC0-301F-11D3-BF4B-00C04F79EFBC}") = "GCDDelegate_test", "GCDDelegate_test\GCDDelegate_test.csproj", "{0A384060-D341-4ECF-9142-5C49C8C7CAF0}"
EndProject
Project("{FAE04EC0-301F-11D3-BF4B-00C04F79EFBC}") = "MatrixSorterDelegate_test", "MatrixSorterDelegate_test\MatrixSorterDelegate_test.csproj", "{7A10D36F-BA1B-4B1A-B713-89684044A1FE}"
EndProject
Project("{FAE04EC0-301F-11D3-BF4B-00C04F79EFBC}") = "CountDown_test", "CountDown_test\CountDown_test.csproj", "{4500010E-7695-446A-9C6B-2B330C3620F3}"
EndProject
Global
	GlobalSection(SolutionConfigurationPlatforms) = preSolution
		Debug|Any CPU = Debug|Any CPU
		Release|Any CPU = Release|Any CPU
	EndGlobalSection
	GlobalSection(ProjectConfigurationPlatforms) = postSolution
		{94F69946-2EF9-4389-9DEE-F36B563E789A}.Debug|Any CPU.ActiveCfg = Debug|Any CPU
		{94F69946-2EF9-4389-9DEE-F36B563E789A}.Debug|Any CPU.Build.0 = Debug|Any CPU
		{94F69946-2EF9-4389-9DEE-F36B563E789A}.Release|Any CPU.ActiveCfg = Release|Any CPU
		{94F69946-2EF9-4389-9DEE-F36B563E789A}.Release|Any CPU.Build.0 = Release|Any CPU
		{DA165F74-C3DA-4807-811B-68CF5EEA30CF}.Debug|Any CPU.ActiveCfg = Debug|Any CPU
		{DA165F74-C3DA-4807-811B-68CF5EEA30CF}.Debug|Any CPU.Build.0 = Debug|Any CPU
		{DA165F74-C3DA-4807-811B-68CF5EEA30CF}.Release|Any CPU.ActiveCfg = Release|Any CPU
		{DA165F74-C3DA-4807-811B-68CF5EEA30CF}.Release|Any CPU.Build.0 = Release|Any CPU
		{8DE46738-5EF6-4536-94E5-2E61B989AE1C}.Debug|Any CPU.ActiveCfg = Debug|Any CPU
		{8DE46738-5EF6-4536-94E5-2E61B989AE1C}.Debug|Any CPU.Build.0 = Debug|Any CPU
		{8DE46738-5EF6-4536-94E5-2E61B989AE1C}.Release|Any CPU.ActiveCfg = Release|Any CPU
		{8DE46738-5EF6-4536-94E5-2E61B989AE1C}.Release|Any CPU.Build.0 = Release|Any CPU
		{0A384060-D341-4ECF-9142-5C49C8C7CAF0}.Debug|Any CPU.ActiveCfg = Debug|Any CPU
		{0A384060-D341-4ECF-9142-5C49C8C7CAF0}.Debug|Any CPU.Build.0 = Debug|Any CPU
		{0A384060-D341-4ECF-9142-5C49C8C7CAF0}.Release|Any CPU.ActiveCfg = Release|Any CPU
		{0A384060-D341-4ECF-9142-5C49C8C7CAF0}.Release|Any CPU.Build.0 = Release|Any CPU
		{7A10D36F-BA1B-4B1A-B713-89684044A1FE}.Debug|Any CPU.ActiveCfg = Debug|Any CPU
		{7A10D36F-BA1B-4B1A-B713-89684044A1FE}.Debug|Any CPU.Build.0 = Debug|Any CPU
		{7A10D36F-BA1B-4B1A-B713-89684044A1FE}.Release|Any CPU.ActiveCfg = Release|Any CPU
		{7A10D36F-BA1B-4B1A-B713-89684044A1FE}.Release|Any CPU.Build.0 = Release|Any CPU
		{4500010E-7695-446A-9C6B-2B330C3620F3}.Debug|Any CPU.ActiveCfg = Debug|Any CPU
		{4500010E-7695-446A-9C6B-2B330C3620F3}.Debug|Any CPU.Build.0 = Debug|Any CPU
		{4500010E-7695-446A-9C6B-2B330C3620F3}.Release|Any CPU.ActiveCfg = Release|Any CPU
		{4500010E-7695-446A-9C6B-2B330C3620F3}.Release|Any CPU.Build.0 = Release|Any CPU
	EndGlobalSection
	GlobalSection(SolutionProperties) = preSolution
		HideSolutionNode = FALSE
	EndGlobalSection
	GlobalSection(ExtensibilityGlobals) = postSolution
		SolutionGuid = {1389E01A-DE18-4FD8-826B-7A43D1B7D13D}
	EndGlobalSection
EndGlobal
